
Microsoft Visual Studio Solution File, Format Version 12.00
# Visual Studio 15
VisualStudioVersion = 15.0.28010.2041
MinimumVisualStudioVersion = 10.0.40219.1
Project("{FAE04EC0-301F-11D3-BF4B-00C04F79EFBC}") = "NewellClark.DataStructures.Collections", "NewellClark.Collections\NewellClark.DataStructures.Collections.csproj", "{A28D7B4E-514B-4936-B34E-E88693EAA7B7}"
EndProject
Project("{FAE04EC0-301F-11D3-BF4B-00C04F79EFBC}") = "NewellClark.DataStructures.Collections.Tests", "NewellClark.Collections.Tests\NewellClark.DataStructures.Collections.Tests.csproj", "{A943EABD-09D8-4EFB-9B74-A7643E9D59BB}"
	ProjectSection(ProjectDependencies) = postProject
		{A28D7B4E-514B-4936-B34E-E88693EAA7B7} = {A28D7B4E-514B-4936-B34E-E88693EAA7B7}
	EndProjectSection
EndProject
Project("{FAE04EC0-301F-11D3-BF4B-00C04F79EFBC}") = "NewellClark.DataStructures.Graphs", "NewellClark.DataStructures.Graphs\NewellClark.DataStructures.Graphs.csproj", "{55C42878-923D-4CDB-B53A-9CFF48E54876}"
EndProject
Project("{FAE04EC0-301F-11D3-BF4B-00C04F79EFBC}") = "NewellClark.DataStructures.Graphs.Tests", "NewellClark.DataStructures.Graphs.Tests\NewellClark.DataStructures.Graphs.Tests.csproj", "{74AA3D92-DFF3-484F-A861-8C4C6AED2DFA}"
EndProject
Global
	GlobalSection(SolutionConfigurationPlatforms) = preSolution
		Debug|Any CPU = Debug|Any CPU
		Release|Any CPU = Release|Any CPU
	EndGlobalSection
	GlobalSection(ProjectConfigurationPlatforms) = postSolution
		{A28D7B4E-514B-4936-B34E-E88693EAA7B7}.Debug|Any CPU.ActiveCfg = Debug|Any CPU
		{A28D7B4E-514B-4936-B34E-E88693EAA7B7}.Debug|Any CPU.Build.0 = Debug|Any CPU
		{A28D7B4E-514B-4936-B34E-E88693EAA7B7}.Release|Any CPU.ActiveCfg = Release|Any CPU
		{A28D7B4E-514B-4936-B34E-E88693EAA7B7}.Release|Any CPU.Build.0 = Release|Any CPU
		{A943EABD-09D8-4EFB-9B74-A7643E9D59BB}.Debug|Any CPU.ActiveCfg = Debug|Any CPU
		{A943EABD-09D8-4EFB-9B74-A7643E9D59BB}.Debug|Any CPU.Build.0 = Debug|Any CPU
		{A943EABD-09D8-4EFB-9B74-A7643E9D59BB}.Release|Any CPU.ActiveCfg = Release|Any CPU
		{A943EABD-09D8-4EFB-9B74-A7643E9D59BB}.Release|Any CPU.Build.0 = Release|Any CPU
		{55C42878-923D-4CDB-B53A-9CFF48E54876}.Debug|Any CPU.ActiveCfg = Debug|Any CPU
		{55C42878-923D-4CDB-B53A-9CFF48E54876}.Debug|Any CPU.Build.0 = Debug|Any CPU
		{55C42878-923D-4CDB-B53A-9CFF48E54876}.Release|Any CPU.ActiveCfg = Release|Any CPU
		{55C42878-923D-4CDB-B53A-9CFF48E54876}.Release|Any CPU.Build.0 = Release|Any CPU
		{74AA3D92-DFF3-484F-A861-8C4C6AED2DFA}.Debug|Any CPU.ActiveCfg = Debug|Any CPU
		{74AA3D92-DFF3-484F-A861-8C4C6AED2DFA}.Debug|Any CPU.Build.0 = Debug|Any CPU
		{74AA3D92-DFF3-484F-A861-8C4C6AED2DFA}.Release|Any CPU.ActiveCfg = Release|Any CPU
		{74AA3D92-DFF3-484F-A861-8C4C6AED2DFA}.Release|Any CPU.Build.0 = Release|Any CPU
	EndGlobalSection
	GlobalSection(SolutionProperties) = preSolution
		HideSolutionNode = FALSE
	EndGlobalSection
	GlobalSection(ExtensibilityGlobals) = postSolution
		SolutionGuid = {FFE3FBC6-45A1-45E1-97CA-B31973B1E859}
	EndGlobalSection
EndGlobal
